
Microsoft Visual Studio Solution File, Format Version 12.00
# Visual Studio Version 17
VisualStudioVersion = 17.3.32901.215
MinimumVisualStudioVersion = 10.0.40219.1
Project("{FAE04EC0-301F-11D3-BF4B-00C04F79EFBC}") = "методы и функции", "методы и функции\методы и функции.csproj", "{650E4DCA-D40D-42D4-9952-918C432A8A39}"
EndProject
Global
	GlobalSection(SolutionConfigurationPlatforms) = preSolution
		Debug|Any CPU = Debug|Any CPU
		Release|Any CPU = Release|Any CPU
	EndGlobalSection
	GlobalSection(ProjectConfigurationPlatforms) = postSolution
		{650E4DCA-D40D-42D4-9952-918C432A8A39}.Debug|Any CPU.ActiveCfg = Debug|Any CPU
		{650E4DCA-D40D-42D4-9952-918C432A8A39}.Debug|Any CPU.Build.0 = Debug|Any CPU
		{650E4DCA-D40D-42D4-9952-918C432A8A39}.Release|Any CPU.ActiveCfg = Release|Any CPU
		{650E4DCA-D40D-42D4-9952-918C432A8A39}.Release|Any CPU.Build.0 = Release|Any CPU
	EndGlobalSection
	GlobalSection(SolutionProperties) = preSolution
		HideSolutionNode = FALSE
	EndGlobalSection
	GlobalSection(ExtensibilityGlobals) = postSolution
		SolutionGuid = {2471D2D0-0F26-4A40-8970-CD04132F46EF}
	EndGlobalSection
EndGlobal
